
Microsoft Visual Studio Solution File, Format Version 12.00
# Visual Studio Version 16
VisualStudioVersion = 16.0.32126.315
MinimumVisualStudioVersion = 10.0.40219.1
Project("{FAE04EC0-301F-11D3-BF4B-00C04F79EFBC}") = "Lab5", "ConsoleApp1\Lab5.csproj", "{9B5DE6AA-54CC-4DA9-8834-F8BA813391C1}"
EndProject
Global
	GlobalSection(SolutionConfigurationPlatforms) = preSolution
		Debug|Any CPU = Debug|Any CPU
		Release|Any CPU = Release|Any CPU
	EndGlobalSection
	GlobalSection(ProjectConfigurationPlatforms) = postSolution
		{9B5DE6AA-54CC-4DA9-8834-F8BA813391C1}.Debug|Any CPU.ActiveCfg = Debug|Any CPU
		{9B5DE6AA-54CC-4DA9-8834-F8BA813391C1}.Debug|Any CPU.Build.0 = Debug|Any CPU
		{9B5DE6AA-54CC-4DA9-8834-F8BA813391C1}.Release|Any CPU.ActiveCfg = Release|Any CPU
		{9B5DE6AA-54CC-4DA9-8834-F8BA813391C1}.Release|Any CPU.Build.0 = Release|Any CPU
	EndGlobalSection
	GlobalSection(SolutionProperties) = preSolution
		HideSolutionNode = FALSE
	EndGlobalSection
	GlobalSection(ExtensibilityGlobals) = postSolution
		SolutionGuid = {DD6DD22A-EBB3-428F-82F7-86EC2F89963F}
	EndGlobalSection
EndGlobal
